// !$*UTF8*$!
{
	archiveVersion = 1;
	classes = {
	};
	objectVersion = 55;
	objects = {

/* Begin PBXBuildFile section */
		3D0463E628A646CF00C1BEE0 /* SectionView.swift in Sources */ = {isa = PBXBuildFile; fileRef = 3D0463E528A646CF00C1BEE0 /* SectionView.swift */; };
		3D0D694928A7B70A0058B7C0 /* PaginationControl.swift in Sources */ = {isa = PBXBuildFile; fileRef = 3D0D694828A7B70A0058B7C0 /* PaginationControl.swift */; };
		3D3AE53728A4FDA200B527AF /* WMTabBarController.swift in Sources */ = {isa = PBXBuildFile; fileRef = 3D3AE53628A4FDA200B527AF /* WMTabBarController.swift */; };
		3D3AE53928A4FEA100B527AF /* MoviesVC.swift in Sources */ = {isa = PBXBuildFile; fileRef = 3D3AE53828A4FEA100B527AF /* MoviesVC.swift */; };
		3D3AE53B28A4FFBC00B527AF /* ShowsVC.swift in Sources */ = {isa = PBXBuildFile; fileRef = 3D3AE53A28A4FFBC00B527AF /* ShowsVC.swift */; };
		3D3AE53D28A4FFC800B527AF /* SearchVC.swift in Sources */ = {isa = PBXBuildFile; fileRef = 3D3AE53C28A4FFC800B527AF /* SearchVC.swift */; };
		3D3AE53F28A4FFDD00B527AF /* FavoriteVC.swift in Sources */ = {isa = PBXBuildFile; fileRef = 3D3AE53E28A4FFDD00B527AF /* FavoriteVC.swift */; };
		3D3AE55428A505DB00B527AF /* ApiUrls.swift in Sources */ = {isa = PBXBuildFile; fileRef = 3D3AE55328A505DB00B527AF /* ApiUrls.swift */; };
		3D3AE55628A51ECA00B527AF /* NetworkingManager.swift in Sources */ = {isa = PBXBuildFile; fileRef = 3D3AE55528A51ECA00B527AF /* NetworkingManager.swift */; };
		3D3AE55828A520DA00B527AF /* Movie.swift in Sources */ = {isa = PBXBuildFile; fileRef = 3D3AE55728A520DA00B527AF /* Movie.swift */; };
		3D3AE55B28A5252000B527AF /* ContentCell.swift in Sources */ = {isa = PBXBuildFile; fileRef = 3D3AE55A28A5252000B527AF /* ContentCell.swift */; };
		3D3AE56028A547CF00B527AF /* UIView+Ext.swift in Sources */ = {isa = PBXBuildFile; fileRef = 3D3AE55F28A547CF00B527AF /* UIView+Ext.swift */; };
		3D3AE56428A54EEC00B527AF /* UICollectionView+Ext.swift in Sources */ = {isa = PBXBuildFile; fileRef = 3D3AE56328A54EEC00B527AF /* UICollectionView+Ext.swift */; };
		3D3AE56628A5519500B527AF /* UIHelper.swift in Sources */ = {isa = PBXBuildFile; fileRef = 3D3AE56528A5519500B527AF /* UIHelper.swift */; };
		3D3AE56928A552D600B527AF /* WMTitleLabel.swift in Sources */ = {isa = PBXBuildFile; fileRef = 3D3AE56828A552D600B527AF /* WMTitleLabel.swift */; };
		3D3AE56B28A5536100B527AF /* WMBodyLabel.swift in Sources */ = {isa = PBXBuildFile; fileRef = 3D3AE56A28A5536100B527AF /* WMBodyLabel.swift */; };
		3D3AE56E28A554F000B527AF /* WMPosterImageView.swift in Sources */ = {isa = PBXBuildFile; fileRef = 3D3AE56D28A554F000B527AF /* WMPosterImageView.swift */; };
		3D3AE57228A55A5600B527AF /* SceneDelegate.swift in Sources */ = {isa = PBXBuildFile; fileRef = 3D3AE57128A55A5600B527AF /* SceneDelegate.swift */; };
		3D3AE57828A55A6800B527AF /* AppDelegate.swift in Sources */ = {isa = PBXBuildFile; fileRef = 3D3AE57728A55A6800B527AF /* AppDelegate.swift */; };
		3D487C1828A7FC38000F22F8 /* DetailVC.swift in Sources */ = {isa = PBXBuildFile; fileRef = 3D487C1728A7FC38000F22F8 /* DetailVC.swift */; };
		3D487C1A28A8064F000F22F8 /* ReferenceDetailView.swift in Sources */ = {isa = PBXBuildFile; fileRef = 3D487C1928A8064F000F22F8 /* ReferenceDetailView.swift */; };
		3D487C1C28A81265000F22F8 /* HeaderView.swift in Sources */ = {isa = PBXBuildFile; fileRef = 3D487C1B28A81265000F22F8 /* HeaderView.swift */; };
		3D487C1E28A81DCC000F22F8 /* WMLabelWithImage.swift in Sources */ = {isa = PBXBuildFile; fileRef = 3D487C1D28A81DCC000F22F8 /* WMLabelWithImage.swift */; };
		3D487C2428A8E48E000F22F8 /* CastView.swift in Sources */ = {isa = PBXBuildFile; fileRef = 3D487C2328A8E48E000F22F8 /* CastView.swift */; };
/* End PBXBuildFile section */

/* Begin PBXFileReference section */
		3D0463E528A646CF00C1BEE0 /* SectionView.swift */ = {isa = PBXFileReference; lastKnownFileType = sourcecode.swift; path = SectionView.swift; sourceTree = "<group>"; };
		3D0D694828A7B70A0058B7C0 /* PaginationControl.swift */ = {isa = PBXFileReference; lastKnownFileType = sourcecode.swift; path = PaginationControl.swift; sourceTree = "<group>"; };
		3D3AE51F28A4FC2000B527AF /* WatchMe.app */ = {isa = PBXFileReference; explicitFileType = wrapper.application; includeInIndex = 0; path = WatchMe.app; sourceTree = BUILT_PRODUCTS_DIR; };
		3D3AE53628A4FDA200B527AF /* WMTabBarController.swift */ = {isa = PBXFileReference; lastKnownFileType = sourcecode.swift; path = WMTabBarController.swift; sourceTree = "<group>"; };
		3D3AE53828A4FEA100B527AF /* MoviesVC.swift */ = {isa = PBXFileReference; lastKnownFileType = sourcecode.swift; path = MoviesVC.swift; sourceTree = "<group>"; };
		3D3AE53A28A4FFBC00B527AF /* ShowsVC.swift */ = {isa = PBXFileReference; lastKnownFileType = sourcecode.swift; path = ShowsVC.swift; sourceTree = "<group>"; };
		3D3AE53C28A4FFC800B527AF /* SearchVC.swift */ = {isa = PBXFileReference; lastKnownFileType = sourcecode.swift; path = SearchVC.swift; sourceTree = "<group>"; };
		3D3AE53E28A4FFDD00B527AF /* FavoriteVC.swift */ = {isa = PBXFileReference; lastKnownFileType = sourcecode.swift; path = FavoriteVC.swift; sourceTree = "<group>"; };
		3D3AE55328A505DB00B527AF /* ApiUrls.swift */ = {isa = PBXFileReference; lastKnownFileType = sourcecode.swift; path = ApiUrls.swift; sourceTree = "<group>"; };
		3D3AE55528A51ECA00B527AF /* NetworkingManager.swift */ = {isa = PBXFileReference; lastKnownFileType = sourcecode.swift; path = NetworkingManager.swift; sourceTree = "<group>"; };
		3D3AE55728A520DA00B527AF /* Movie.swift */ = {isa = PBXFileReference; lastKnownFileType = sourcecode.swift; path = Movie.swift; sourceTree = "<group>"; };
		3D3AE55A28A5252000B527AF /* ContentCell.swift */ = {isa = PBXFileReference; lastKnownFileType = sourcecode.swift; path = ContentCell.swift; sourceTree = "<group>"; };
		3D3AE55F28A547CF00B527AF /* UIView+Ext.swift */ = {isa = PBXFileReference; lastKnownFileType = sourcecode.swift; path = "UIView+Ext.swift"; sourceTree = "<group>"; };
		3D3AE56328A54EEC00B527AF /* UICollectionView+Ext.swift */ = {isa = PBXFileReference; lastKnownFileType = sourcecode.swift; path = "UICollectionView+Ext.swift"; sourceTree = "<group>"; };
		3D3AE56528A5519500B527AF /* UIHelper.swift */ = {isa = PBXFileReference; lastKnownFileType = sourcecode.swift; path = UIHelper.swift; sourceTree = "<group>"; };
		3D3AE56828A552D600B527AF /* WMTitleLabel.swift */ = {isa = PBXFileReference; lastKnownFileType = sourcecode.swift; path = WMTitleLabel.swift; sourceTree = "<group>"; };
		3D3AE56A28A5536100B527AF /* WMBodyLabel.swift */ = {isa = PBXFileReference; lastKnownFileType = sourcecode.swift; path = WMBodyLabel.swift; sourceTree = "<group>"; };
		3D3AE56D28A554F000B527AF /* WMPosterImageView.swift */ = {isa = PBXFileReference; lastKnownFileType = sourcecode.swift; path = WMPosterImageView.swift; sourceTree = "<group>"; };
		3D3AE57128A55A5600B527AF /* SceneDelegate.swift */ = {isa = PBXFileReference; fileEncoding = 4; lastKnownFileType = sourcecode.swift; path = SceneDelegate.swift; sourceTree = "<group>"; };
		3D3AE57328A55A5C00B527AF /* Info.plist */ = {isa = PBXFileReference; fileEncoding = 4; lastKnownFileType = text.plist.xml; path = Info.plist; sourceTree = "<group>"; };
		3D3AE57528A55A6000B527AF /* LaunchScreen.storyboard */ = {isa = PBXFileReference; fileEncoding = 4; lastKnownFileType = file.storyboard; path = LaunchScreen.storyboard; sourceTree = "<group>"; };
		3D3AE57728A55A6800B527AF /* AppDelegate.swift */ = {isa = PBXFileReference; fileEncoding = 4; lastKnownFileType = sourcecode.swift; path = AppDelegate.swift; sourceTree = "<group>"; };
		3D3AE57928A55A6C00B527AF /* Assets.xcassets */ = {isa = PBXFileReference; lastKnownFileType = folder.assetcatalog; path = Assets.xcassets; sourceTree = "<group>"; };
		3D487C1728A7FC38000F22F8 /* DetailVC.swift */ = {isa = PBXFileReference; lastKnownFileType = sourcecode.swift; path = DetailVC.swift; sourceTree = "<group>"; };
		3D487C1928A8064F000F22F8 /* ReferenceDetailView.swift */ = {isa = PBXFileReference; lastKnownFileType = sourcecode.swift; path = ReferenceDetailView.swift; sourceTree = "<group>"; };
		3D487C1B28A81265000F22F8 /* HeaderView.swift */ = {isa = PBXFileReference; lastKnownFileType = sourcecode.swift; path = HeaderView.swift; sourceTree = "<group>"; };
		3D487C1D28A81DCC000F22F8 /* WMLabelWithImage.swift */ = {isa = PBXFileReference; lastKnownFileType = sourcecode.swift; path = WMLabelWithImage.swift; sourceTree = "<group>"; };
		3D487C2328A8E48E000F22F8 /* CastView.swift */ = {isa = PBXFileReference; lastKnownFileType = sourcecode.swift; path = CastView.swift; sourceTree = "<group>"; };
/* End PBXFileReference section */

/* Begin PBXFrameworksBuildPhase section */
		3D3AE51C28A4FC2000B527AF /* Frameworks */ = {
			isa = PBXFrameworksBuildPhase;
			buildActionMask = 2147483647;
			files = (
			);
			runOnlyForDeploymentPostprocessing = 0;
		};
/* End PBXFrameworksBuildPhase section */

/* Begin PBXGroup section */
		3D0463E128A63A4F00C1BEE0 /* CollectionView */ = {
			isa = PBXGroup;
			children = (
			);
			path = CollectionView;
			sourceTree = "<group>";
		};
		3D0463E428A646AB00C1BEE0 /* Views */ = {
			isa = PBXGroup;
			children = (
				3D0463E528A646CF00C1BEE0 /* SectionView.swift */,
				3D487C1B28A81265000F22F8 /* HeaderView.swift */,
				3D487C1D28A81DCC000F22F8 /* WMLabelWithImage.swift */,
				3D487C2328A8E48E000F22F8 /* CastView.swift */,
			);
			path = Views;
			sourceTree = "<group>";
		};
		3D3AE51628A4FC2000B527AF = {
			isa = PBXGroup;
			children = (
				3D3AE52128A4FC2000B527AF /* WatchMe */,
				3D3AE52028A4FC2000B527AF /* Products */,
			);
			sourceTree = "<group>";
		};
		3D3AE52028A4FC2000B527AF /* Products */ = {
			isa = PBXGroup;
			children = (
				3D3AE51F28A4FC2000B527AF /* WatchMe.app */,
			);
			name = Products;
			sourceTree = "<group>";
		};
		3D3AE52128A4FC2000B527AF /* WatchMe */ = {
			isa = PBXGroup;
			children = (
				3D3AE55E28A547C700B527AF /* Extensions */,
				3D3AE54428A504F700B527AF /* Utilities */,
				3D3AE54528A504FE00B527AF /* Managers */,
				3D3AE54628A5051000B527AF /* Models */,
				3D3AE54128A5049000B527AF /* CustomViews */,
				3D3AE54028A5048100B527AF /* Screens */,
				3D3AE57028A55A3F00B527AF /* Support */,
			);
			path = WatchMe;
			sourceTree = "<group>";
		};
		3D3AE54028A5048100B527AF /* Screens */ = {
			isa = PBXGroup;
			children = (
				3D3AE53828A4FEA100B527AF /* MoviesVC.swift */,
				3D3AE53A28A4FFBC00B527AF /* ShowsVC.swift */,
				3D3AE53C28A4FFC800B527AF /* SearchVC.swift */,
				3D3AE53E28A4FFDD00B527AF /* FavoriteVC.swift */,
				3D487C1928A8064F000F22F8 /* ReferenceDetailView.swift */,
			);
			path = Screens;
			sourceTree = "<group>";
		};
		3D3AE54128A5049000B527AF /* CustomViews */ = {
			isa = PBXGroup;
			children = (
				3D0463E428A646AB00C1BEE0 /* Views */,
				3D0463E128A63A4F00C1BEE0 /* CollectionView */,
				3D3AE56C28A554A300B527AF /* ImageViews */,
				3D3AE56728A552AD00B527AF /* Labels */,
				3D3AE55928A5232A00B527AF /* Cells */,
				3D3AE54228A5049700B527AF /* ViewControllers */,
			);
			path = CustomViews;
			sourceTree = "<group>";
		};
		3D3AE54228A5049700B527AF /* ViewControllers */ = {
			isa = PBXGroup;
			children = (
				3D3AE53628A4FDA200B527AF /* WMTabBarController.swift */,
				3D487C1728A7FC38000F22F8 /* DetailVC.swift */,
			);
			path = ViewControllers;
			sourceTree = "<group>";
		};
		3D3AE54428A504F700B527AF /* Utilities */ = {
			isa = PBXGroup;
			children = (
				3D3AE55328A505DB00B527AF /* ApiUrls.swift */,
				3D3AE56528A5519500B527AF /* UIHelper.swift */,
				3D0D694828A7B70A0058B7C0 /* PaginationControl.swift */,
			);
			path = Utilities;
			sourceTree = "<group>";
		};
		3D3AE54528A504FE00B527AF /* Managers */ = {
			isa = PBXGroup;
			children = (
				3D3AE55528A51ECA00B527AF /* NetworkingManager.swift */,
			);
			path = Managers;
			sourceTree = "<group>";
		};
		3D3AE54628A5051000B527AF /* Models */ = {
			isa = PBXGroup;
			children = (
				3D3AE55728A520DA00B527AF /* Movie.swift */,
			);
			path = Models;
			sourceTree = "<group>";
		};
		3D3AE55928A5232A00B527AF /* Cells */ = {
			isa = PBXGroup;
			children = (
				3D3AE55A28A5252000B527AF /* ContentCell.swift */,
			);
			path = Cells;
			sourceTree = "<group>";
		};
		3D3AE55E28A547C700B527AF /* Extensions */ = {
			isa = PBXGroup;
			children = (
				3D3AE55F28A547CF00B527AF /* UIView+Ext.swift */,
				3D3AE56328A54EEC00B527AF /* UICollectionView+Ext.swift */,
			);
			path = Extensions;
			sourceTree = "<group>";
		};
		3D3AE56728A552AD00B527AF /* Labels */ = {
			isa = PBXGroup;
			children = (
				3D3AE56828A552D600B527AF /* WMTitleLabel.swift */,
				3D3AE56A28A5536100B527AF /* WMBodyLabel.swift */,
			);
			path = Labels;
			sourceTree = "<group>";
		};
		3D3AE56C28A554A300B527AF /* ImageViews */ = {
			isa = PBXGroup;
			children = (
				3D3AE56D28A554F000B527AF /* WMPosterImageView.swift */,
			);
			path = ImageViews;
			sourceTree = "<group>";
		};
		3D3AE57028A55A3F00B527AF /* Support */ = {
			isa = PBXGroup;
			children = (
				3D3AE57728A55A6800B527AF /* AppDelegate.swift */,
				3D3AE57128A55A5600B527AF /* SceneDelegate.swift */,
				3D3AE57528A55A6000B527AF /* LaunchScreen.storyboard */,
				3D3AE57328A55A5C00B527AF /* Info.plist */,
				3D3AE57928A55A6C00B527AF /* Assets.xcassets */,
			);
			path = Support;
			sourceTree = "<group>";
		};
/* End PBXGroup section */

/* Begin PBXNativeTarget section */
		3D3AE51E28A4FC2000B527AF /* WatchMe */ = {
			isa = PBXNativeTarget;
			buildConfigurationList = 3D3AE53328A4FC2100B527AF /* Build configuration list for PBXNativeTarget "WatchMe" */;
			buildPhases = (
				3D3AE51B28A4FC2000B527AF /* Sources */,
				3D3AE51C28A4FC2000B527AF /* Frameworks */,
				3D3AE51D28A4FC2000B527AF /* Resources */,
			);
			buildRules = (
			);
			dependencies = (
			);
			name = WatchMe;
			productName = WatchMe;
			productReference = 3D3AE51F28A4FC2000B527AF /* WatchMe.app */;
			productType = "com.apple.product-type.application";
		};
/* End PBXNativeTarget section */

/* Begin PBXProject section */
		3D3AE51728A4FC2000B527AF /* Project object */ = {
			isa = PBXProject;
			attributes = {
				BuildIndependentTargetsInParallel = 1;
				LastSwiftUpdateCheck = 1330;
				LastUpgradeCheck = 1330;
				TargetAttributes = {
					3D3AE51E28A4FC2000B527AF = {
						CreatedOnToolsVersion = 13.3.1;
					};
				};
			};
			buildConfigurationList = 3D3AE51A28A4FC2000B527AF /* Build configuration list for PBXProject "WatchMe" */;
			compatibilityVersion = "Xcode 13.0";
			developmentRegion = en;
			hasScannedForEncodings = 0;
			knownRegions = (
				en,
				Base,
			);
			mainGroup = 3D3AE51628A4FC2000B527AF;
			productRefGroup = 3D3AE52028A4FC2000B527AF /* Products */;
			projectDirPath = "";
			projectRoot = "";
			targets = (
				3D3AE51E28A4FC2000B527AF /* WatchMe */,
			);
		};
/* End PBXProject section */

/* Begin PBXResourcesBuildPhase section */
		3D3AE51D28A4FC2000B527AF /* Resources */ = {
			isa = PBXResourcesBuildPhase;
			buildActionMask = 2147483647;
			files = (
			);
			runOnlyForDeploymentPostprocessing = 0;
		};
/* End PBXResourcesBuildPhase section */

/* Begin PBXSourcesBuildPhase section */
		3D3AE51B28A4FC2000B527AF /* Sources */ = {
			isa = PBXSourcesBuildPhase;
			buildActionMask = 2147483647;
			files = (
				3D3AE56E28A554F000B527AF /* WMPosterImageView.swift in Sources */,
				3D3AE55828A520DA00B527AF /* Movie.swift in Sources */,
				3D0463E628A646CF00C1BEE0 /* SectionView.swift in Sources */,
				3D3AE57828A55A6800B527AF /* AppDelegate.swift in Sources */,
				3D3AE55428A505DB00B527AF /* ApiUrls.swift in Sources */,
				3D487C1828A7FC38000F22F8 /* DetailVC.swift in Sources */,
				3D3AE53928A4FEA100B527AF /* MoviesVC.swift in Sources */,
				3D487C1C28A81265000F22F8 /* HeaderView.swift in Sources */,
				3D487C1E28A81DCC000F22F8 /* WMLabelWithImage.swift in Sources */,
				3D3AE55B28A5252000B527AF /* ContentCell.swift in Sources */,
				3D487C1A28A8064F000F22F8 /* ReferenceDetailView.swift in Sources */,
				3D3AE53F28A4FFDD00B527AF /* FavoriteVC.swift in Sources */,
				3D3AE53728A4FDA200B527AF /* WMTabBarController.swift in Sources */,
				3D3AE56028A547CF00B527AF /* UIView+Ext.swift in Sources */,
				3D3AE55628A51ECA00B527AF /* NetworkingManager.swift in Sources */,
				3D487C2428A8E48E000F22F8 /* CastView.swift in Sources */,
				3D3AE57228A55A5600B527AF /* SceneDelegate.swift in Sources */,
				3D3AE56928A552D600B527AF /* WMTitleLabel.swift in Sources */,
				3D3AE53B28A4FFBC00B527AF /* ShowsVC.swift in Sources */,
				3D3AE56428A54EEC00B527AF /* UICollectionView+Ext.swift in Sources */,
				3D3AE53D28A4FFC800B527AF /* SearchVC.swift in Sources */,
				3D3AE56B28A5536100B527AF /* WMBodyLabel.swift in Sources */,
				3D3AE56628A5519500B527AF /* UIHelper.swift in Sources */,
				3D0D694928A7B70A0058B7C0 /* PaginationControl.swift in Sources */,
			);
			runOnlyForDeploymentPostprocessing = 0;
		};
/* End PBXSourcesBuildPhase section */

/* Begin XCBuildConfiguration section */
		3D3AE53128A4FC2100B527AF /* Debug */ = {
			isa = XCBuildConfiguration;
			buildSettings = {
				ALWAYS_SEARCH_USER_PATHS = NO;
				CLANG_ANALYZER_NONNULL = YES;
				CLANG_ANALYZER_NUMBER_OBJECT_CONVERSION = YES_AGGRESSIVE;
				CLANG_CXX_LANGUAGE_STANDARD = "gnu++17";
				CLANG_ENABLE_MODULES = YES;
				CLANG_ENABLE_OBJC_ARC = YES;
				CLANG_ENABLE_OBJC_WEAK = YES;
				CLANG_WARN_BLOCK_CAPTURE_AUTORELEASING = YES;
				CLANG_WARN_BOOL_CONVERSION = YES;
				CLANG_WARN_COMMA = YES;
				CLANG_WARN_CONSTANT_CONVERSION = YES;
				CLANG_WARN_DEPRECATED_OBJC_IMPLEMENTATIONS = YES;
				CLANG_WARN_DIRECT_OBJC_ISA_USAGE = YES_ERROR;
				CLANG_WARN_DOCUMENTATION_COMMENTS = YES;
				CLANG_WARN_EMPTY_BODY = YES;
				CLANG_WARN_ENUM_CONVERSION = YES;
				CLANG_WARN_INFINITE_RECURSION = YES;
				CLANG_WARN_INT_CONVERSION = YES;
				CLANG_WARN_NON_LITERAL_NULL_CONVERSION = YES;
				CLANG_WARN_OBJC_IMPLICIT_RETAIN_SELF = YES;
				CLANG_WARN_OBJC_LITERAL_CONVERSION = YES;
				CLANG_WARN_OBJC_ROOT_CLASS = YES_ERROR;
				CLANG_WARN_QUOTED_INCLUDE_IN_FRAMEWORK_HEADER = YES;
				CLANG_WARN_RANGE_LOOP_ANALYSIS = YES;
				CLANG_WARN_STRICT_PROTOTYPES = YES;
				CLANG_WARN_SUSPICIOUS_MOVE = YES;
				CLANG_WARN_UNGUARDED_AVAILABILITY = YES_AGGRESSIVE;
				CLANG_WARN_UNREACHABLE_CODE = YES;
				CLANG_WARN__DUPLICATE_METHOD_MATCH = YES;
				COPY_PHASE_STRIP = NO;
				DEBUG_INFORMATION_FORMAT = dwarf;
				ENABLE_STRICT_OBJC_MSGSEND = YES;
				ENABLE_TESTABILITY = YES;
				GCC_C_LANGUAGE_STANDARD = gnu11;
				GCC_DYNAMIC_NO_PIC = NO;
				GCC_NO_COMMON_BLOCKS = YES;
				GCC_OPTIMIZATION_LEVEL = 0;
				GCC_PREPROCESSOR_DEFINITIONS = (
					"DEBUG=1",
					"$(inherited)",
				);
				GCC_WARN_64_TO_32_BIT_CONVERSION = YES;
				GCC_WARN_ABOUT_RETURN_TYPE = YES_ERROR;
				GCC_WARN_UNDECLARED_SELECTOR = YES;
				GCC_WARN_UNINITIALIZED_AUTOS = YES_AGGRESSIVE;
				GCC_WARN_UNUSED_FUNCTION = YES;
				GCC_WARN_UNUSED_VARIABLE = YES;
				IPHONEOS_DEPLOYMENT_TARGET = 15.4;
				MTL_ENABLE_DEBUG_INFO = INCLUDE_SOURCE;
				MTL_FAST_MATH = YES;
				ONLY_ACTIVE_ARCH = YES;
				SDKROOT = iphoneos;
				SWIFT_ACTIVE_COMPILATION_CONDITIONS = DEBUG;
				SWIFT_OPTIMIZATION_LEVEL = "-Onone";
			};
			name = Debug;
		};
		3D3AE53228A4FC2100B527AF /* Release */ = {
			isa = XCBuildConfiguration;
			buildSettings = {
				ALWAYS_SEARCH_USER_PATHS = NO;
				CLANG_ANALYZER_NONNULL = YES;
				CLANG_ANALYZER_NUMBER_OBJECT_CONVERSION = YES_AGGRESSIVE;
				CLANG_CXX_LANGUAGE_STANDARD = "gnu++17";
				CLANG_ENABLE_MODULES = YES;
				CLANG_ENABLE_OBJC_ARC = YES;
				CLANG_ENABLE_OBJC_WEAK = YES;
				CLANG_WARN_BLOCK_CAPTURE_AUTORELEASING = YES;
				CLANG_WARN_BOOL_CONVERSION = YES;
				CLANG_WARN_COMMA = YES;
				CLANG_WARN_CONSTANT_CONVERSION = YES;
				CLANG_WARN_DEPRECATED_OBJC_IMPLEMENTATIONS = YES;
				CLANG_WARN_DIRECT_OBJC_ISA_USAGE = YES_ERROR;
				CLANG_WARN_DOCUMENTATION_COMMENTS = YES;
				CLANG_WARN_EMPTY_BODY = YES;
				CLANG_WARN_ENUM_CONVERSION = YES;
				CLANG_WARN_INFINITE_RECURSION = YES;
				CLANG_WARN_INT_CONVERSION = YES;
				CLANG_WARN_NON_LITERAL_NULL_CONVERSION = YES;
				CLANG_WARN_OBJC_IMPLICIT_RETAIN_SELF = YES;
				CLANG_WARN_OBJC_LITERAL_CONVERSION = YES;
				CLANG_WARN_OBJC_ROOT_CLASS = YES_ERROR;
				CLANG_WARN_QUOTED_INCLUDE_IN_FRAMEWORK_HEADER = YES;
				CLANG_WARN_RANGE_LOOP_ANALYSIS = YES;
				CLANG_WARN_STRICT_PROTOTYPES = YES;
				CLANG_WARN_SUSPICIOUS_MOVE = YES;
				CLANG_WARN_UNGUARDED_AVAILABILITY = YES_AGGRESSIVE;
				CLANG_WARN_UNREACHABLE_CODE = YES;
				CLANG_WARN__DUPLICATE_METHOD_MATCH = YES;
				COPY_PHASE_STRIP = NO;
				DEBUG_INFORMATION_FORMAT = "dwarf-with-dsym";
				ENABLE_NS_ASSERTIONS = NO;
				ENABLE_STRICT_OBJC_MSGSEND = YES;
				GCC_C_LANGUAGE_STANDARD = gnu11;
				GCC_NO_COMMON_BLOCKS = YES;
				GCC_WARN_64_TO_32_BIT_CONVERSION = YES;
				GCC_WARN_ABOUT_RETURN_TYPE = YES_ERROR;
				GCC_WARN_UNDECLARED_SELECTOR = YES;
				GCC_WARN_UNINITIALIZED_AUTOS = YES_AGGRESSIVE;
				GCC_WARN_UNUSED_FUNCTION = YES;
				GCC_WARN_UNUSED_VARIABLE = YES;
				IPHONEOS_DEPLOYMENT_TARGET = 15.4;
				MTL_ENABLE_DEBUG_INFO = NO;
				MTL_FAST_MATH = YES;
				SDKROOT = iphoneos;
				SWIFT_COMPILATION_MODE = wholemodule;
				SWIFT_OPTIMIZATION_LEVEL = "-O";
				VALIDATE_PRODUCT = YES;
			};
			name = Release;
		};
		3D3AE53428A4FC2100B527AF /* Debug */ = {
			isa = XCBuildConfiguration;
			buildSettings = {
				ASSETCATALOG_COMPILER_APPICON_NAME = AppIcon;
				ASSETCATALOG_COMPILER_GLOBAL_ACCENT_COLOR_NAME = AccentColor;
				CODE_SIGN_STYLE = Automatic;
				CURRENT_PROJECT_VERSION = 1;
				DEVELOPMENT_TEAM = 5CYVKDSSNH;
				GENERATE_INFOPLIST_FILE = YES;
				INFOPLIST_FILE = WatchMe/Support/Info.plist;
				INFOPLIST_KEY_UIApplicationSupportsIndirectInputEvents = YES;
				INFOPLIST_KEY_UILaunchStoryboardName = LaunchScreen;
				INFOPLIST_KEY_UISupportedInterfaceOrientations_iPad = "UIInterfaceOrientationPortrait UIInterfaceOrientationPortraitUpsideDown UIInterfaceOrientationLandscapeLeft UIInterfaceOrientationLandscapeRight";
				INFOPLIST_KEY_UISupportedInterfaceOrientations_iPhone = "UIInterfaceOrientationPortrait UIInterfaceOrientationLandscapeLeft UIInterfaceOrientationLandscapeRight";
				IPHONEOS_DEPLOYMENT_TARGET = 13.0;
				LD_RUNPATH_SEARCH_PATHS = (
					"$(inherited)",
					"@executable_path/Frameworks",
				);
				MARKETING_VERSION = 1.0;
				PRODUCT_BUNDLE_IDENTIFIER = com.fatih.WatchMe;
				PRODUCT_NAME = "$(TARGET_NAME)";
				SWIFT_EMIT_LOC_STRINGS = YES;
				SWIFT_VERSION = 5.0;
				TARGETED_DEVICE_FAMILY = "1,2";
			};
			name = Debug;
		};
		3D3AE53528A4FC2100B527AF /* Release */ = {
			isa = XCBuildConfiguration;
			buildSettings = {
				ASSETCATALOG_COMPILER_APPICON_NAME = AppIcon;
				ASSETCATALOG_COMPILER_GLOBAL_ACCENT_COLOR_NAME = AccentColor;
				CODE_SIGN_STYLE = Automatic;
				CURRENT_PROJECT_VERSION = 1;
				DEVELOPMENT_TEAM = 5CYVKDSSNH;
				GENERATE_INFOPLIST_FILE = YES;
				INFOPLIST_FILE = WatchMe/Support/Info.plist;
				INFOPLIST_KEY_UIApplicationSupportsIndirectInputEvents = YES;
				INFOPLIST_KEY_UILaunchStoryboardName = LaunchScreen;
				INFOPLIST_KEY_UISupportedInterfaceOrientations_iPad = "UIInterfaceOrientationPortrait UIInterfaceOrientationPortraitUpsideDown UIInterfaceOrientationLandscapeLeft UIInterfaceOrientationLandscapeRight";
				INFOPLIST_KEY_UISupportedInterfaceOrientations_iPhone = "UIInterfaceOrientationPortrait UIInterfaceOrientationLandscapeLeft UIInterfaceOrientationLandscapeRight";
				IPHONEOS_DEPLOYMENT_TARGET = 13.0;
				LD_RUNPATH_SEARCH_PATHS = (
					"$(inherited)",
					"@executable_path/Frameworks",
				);
				MARKETING_VERSION = 1.0;
				PRODUCT_BUNDLE_IDENTIFIER = com.fatih.WatchMe;
				PRODUCT_NAME = "$(TARGET_NAME)";
				SWIFT_EMIT_LOC_STRINGS = YES;
				SWIFT_VERSION = 5.0;
				TARGETED_DEVICE_FAMILY = "1,2";
			};
			name = Release;
		};
/* End XCBuildConfiguration section */

/* Begin XCConfigurationList section */
		3D3AE51A28A4FC2000B527AF /* Build configuration list for PBXProject "WatchMe" */ = {
			isa = XCConfigurationList;
			buildConfigurations = (
				3D3AE53128A4FC2100B527AF /* Debug */,
				3D3AE53228A4FC2100B527AF /* Release */,
			);
			defaultConfigurationIsVisible = 0;
			defaultConfigurationName = Release;
		};
		3D3AE53328A4FC2100B527AF /* Build configuration list for PBXNativeTarget "WatchMe" */ = {
			isa = XCConfigurationList;
			buildConfigurations = (
				3D3AE53428A4FC2100B527AF /* Debug */,
				3D3AE53528A4FC2100B527AF /* Release */,
			);
			defaultConfigurationIsVisible = 0;
			defaultConfigurationName = Release;
		};
/* End XCConfigurationList section */
	};
	rootObject = 3D3AE51728A4FC2000B527AF /* Project object */;
}
